// !$*UTF8*$!
{
	archiveVersion = 1;
	classes = {
	};
	objectVersion = 46;
	objects = {

/* Begin PBXBuildFile section */
		4544CC5E1E95C8D300F81BE2 /* CapDude 1.png in Resources */ = {isa = PBXBuildFile; fileRef = 4544CC5D1E95C8D300F81BE2 /* CapDude 1.png */; };
		4544CC601E95C8E500F81BE2 /* CapDude 2.png in Resources */ = {isa = PBXBuildFile; fileRef = 4544CC5F1E95C8E500F81BE2 /* CapDude 2.png */; };
		4544CC621E95C8F300F81BE2 /* CapDude 3.png in Resources */ = {isa = PBXBuildFile; fileRef = 4544CC611E95C8F300F81BE2 /* CapDude 3.png */; };
		4544CC641E95C8FA00F81BE2 /* CapDude 4.png in Resources */ = {isa = PBXBuildFile; fileRef = 4544CC631E95C8FA00F81BE2 /* CapDude 4.png */; };
		4544CC661E95C8FF00F81BE2 /* CapDude 5.png in Resources */ = {isa = PBXBuildFile; fileRef = 4544CC651E95C8FF00F81BE2 /* CapDude 5.png */; };
		4544CC681E95C90500F81BE2 /* CapDude 6.png in Resources */ = {isa = PBXBuildFile; fileRef = 4544CC671E95C90500F81BE2 /* CapDude 6.png */; };
		4544CC6A1E95C90900F81BE2 /* CapDude 7.png in Resources */ = {isa = PBXBuildFile; fileRef = 4544CC691E95C90900F81BE2 /* CapDude 7.png */; };
		4544CC6C1E95C90E00F81BE2 /* CapDude 8.png in Resources */ = {isa = PBXBuildFile; fileRef = 4544CC6B1E95C90E00F81BE2 /* CapDude 8.png */; };
		4544CC6E1E95D82300F81BE2 /* AprilFlowers-OTF.otf in Resources */ = {isa = PBXBuildFile; fileRef = 4544CC6D1E95D7E400F81BE2 /* AprilFlowers-OTF.otf */; };
		AC627EF61E8DDEEF007AC6F3 /* AppDelegate.swift in Sources */ = {isa = PBXBuildFile; fileRef = AC627EF51E8DDEEF007AC6F3 /* AppDelegate.swift */; };
		AC627EFE1E8DDEEF007AC6F3 /* GameViewController.swift in Sources */ = {isa = PBXBuildFile; fileRef = AC627EFD1E8DDEEF007AC6F3 /* GameViewController.swift */; };
		AC627F011E8DDEEF007AC6F3 /* Main.storyboard in Resources */ = {isa = PBXBuildFile; fileRef = AC627EFF1E8DDEEF007AC6F3 /* Main.storyboard */; };
		AC627F031E8DDEEF007AC6F3 /* Assets.xcassets in Resources */ = {isa = PBXBuildFile; fileRef = AC627F021E8DDEEF007AC6F3 /* Assets.xcassets */; };
		AC627F061E8DDEEF007AC6F3 /* LaunchScreen.storyboard in Resources */ = {isa = PBXBuildFile; fileRef = AC627F041E8DDEEF007AC6F3 /* LaunchScreen.storyboard */; };
		AC627F111E8DDEEF007AC6F3 /* Cowboy_RunnerTests.swift in Sources */ = {isa = PBXBuildFile; fileRef = AC627F101E8DDEEF007AC6F3 /* Cowboy_RunnerTests.swift */; };
		AC627F1C1E8DDEEF007AC6F3 /* Cowboy_RunnerUITests.swift in Sources */ = {isa = PBXBuildFile; fileRef = AC627F1B1E8DDEEF007AC6F3 /* Cowboy_RunnerUITests.swift */; };
		AC627F361E8DDFAE007AC6F3 /* Player 1.png in Resources */ = {isa = PBXBuildFile; fileRef = AC627F2B1E8DDFAE007AC6F3 /* Player 1.png */; };
		AC627F371E8DDFAE007AC6F3 /* Player 2.png in Resources */ = {isa = PBXBuildFile; fileRef = AC627F2C1E8DDFAE007AC6F3 /* Player 2.png */; };
		AC627F381E8DDFAE007AC6F3 /* Player 3.png in Resources */ = {isa = PBXBuildFile; fileRef = AC627F2D1E8DDFAE007AC6F3 /* Player 3.png */; };
		AC627F391E8DDFAE007AC6F3 /* Player 4.png in Resources */ = {isa = PBXBuildFile; fileRef = AC627F2E1E8DDFAE007AC6F3 /* Player 4.png */; };
		AC627F3A1E8DDFAE007AC6F3 /* Player 5.png in Resources */ = {isa = PBXBuildFile; fileRef = AC627F2F1E8DDFAE007AC6F3 /* Player 5.png */; };
		AC627F3B1E8DDFAE007AC6F3 /* Player 6.png in Resources */ = {isa = PBXBuildFile; fileRef = AC627F301E8DDFAE007AC6F3 /* Player 6.png */; };
		AC627F3C1E8DDFAE007AC6F3 /* Player 7.png in Resources */ = {isa = PBXBuildFile; fileRef = AC627F311E8DDFAE007AC6F3 /* Player 7.png */; };
		AC627F3D1E8DDFAE007AC6F3 /* Player 8.png in Resources */ = {isa = PBXBuildFile; fileRef = AC627F321E8DDFAE007AC6F3 /* Player 8.png */; };
		AC627F3E1E8DDFAE007AC6F3 /* Player 9.png in Resources */ = {isa = PBXBuildFile; fileRef = AC627F331E8DDFAE007AC6F3 /* Player 9.png */; };
		AC627F3F1E8DDFAE007AC6F3 /* Player 10.png in Resources */ = {isa = PBXBuildFile; fileRef = AC627F341E8DDFAE007AC6F3 /* Player 10.png */; };
		AC627F401E8DDFAE007AC6F3 /* Player 11.png in Resources */ = {isa = PBXBuildFile; fileRef = AC627F351E8DDFAE007AC6F3 /* Player 11.png */; };
		AC627F431E8DDFCE007AC6F3 /* Jump.wav in Resources */ = {isa = PBXBuildFile; fileRef = AC627F421E8DDFCE007AC6F3 /* Jump.wav */; };
		AC627F461E8DDFF0007AC6F3 /* RosewoodStd-Regular.otf in Resources */ = {isa = PBXBuildFile; fileRef = AC627F451E8DDFF0007AC6F3 /* RosewoodStd-Regular.otf */; };
		AC627F4A1E8DE0F3007AC6F3 /* GameplayScene.sks in Resources */ = {isa = PBXBuildFile; fileRef = AC627F491E8DE0F3007AC6F3 /* GameplayScene.sks */; };
		AC627F4C1E8DE160007AC6F3 /* GameplayScene.swift in Sources */ = {isa = PBXBuildFile; fileRef = AC627F4B1E8DE160007AC6F3 /* GameplayScene.swift */; };
		ACA903911E8DF14A0040550B /* Player.swift in Sources */ = {isa = PBXBuildFile; fileRef = ACA903901E8DF14A0040550B /* Player.swift */; };
		ACA903931E8E16D00040550B /* MainMenuScene.sks in Resources */ = {isa = PBXBuildFile; fileRef = ACA903921E8E16D00040550B /* MainMenuScene.sks */; };
		ACA903951E8E17030040550B /* MainMenuScene.swift in Sources */ = {isa = PBXBuildFile; fileRef = ACA903941E8E17030040550B /* MainMenuScene.swift */; };
/* End PBXBuildFile section */

/* Begin PBXContainerItemProxy section */
		AC627F0D1E8DDEEF007AC6F3 /* PBXContainerItemProxy */ = {
			isa = PBXContainerItemProxy;
			containerPortal = AC627EEA1E8DDEEE007AC6F3 /* Project object */;
			proxyType = 1;
			remoteGlobalIDString = AC627EF11E8DDEEF007AC6F3;
			remoteInfo = "Cowboy Runner";
		};
		AC627F181E8DDEEF007AC6F3 /* PBXContainerItemProxy */ = {
			isa = PBXContainerItemProxy;
			containerPortal = AC627EEA1E8DDEEE007AC6F3 /* Project object */;
			proxyType = 1;
			remoteGlobalIDString = AC627EF11E8DDEEF007AC6F3;
			remoteInfo = "Cowboy Runner";
		};
/* End PBXContainerItemProxy section */

/* Begin PBXFileReference section */
		4544CC5D1E95C8D300F81BE2 /* CapDude 1.png */ = {isa = PBXFileReference; lastKnownFileType = image.png; path = "CapDude 1.png"; sourceTree = "<group>"; };
		4544CC5F1E95C8E500F81BE2 /* CapDude 2.png */ = {isa = PBXFileReference; lastKnownFileType = image.png; path = "CapDude 2.png"; sourceTree = "<group>"; };
		4544CC611E95C8F300F81BE2 /* CapDude 3.png */ = {isa = PBXFileReference; lastKnownFileType = image.png; path = "CapDude 3.png"; sourceTree = "<group>"; };
		4544CC631E95C8FA00F81BE2 /* CapDude 4.png */ = {isa = PBXFileReference; lastKnownFileType = image.png; path = "CapDude 4.png"; sourceTree = "<group>"; };
		4544CC651E95C8FF00F81BE2 /* CapDude 5.png */ = {isa = PBXFileReference; lastKnownFileType = image.png; path = "CapDude 5.png"; sourceTree = "<group>"; };
		4544CC671E95C90500F81BE2 /* CapDude 6.png */ = {isa = PBXFileReference; lastKnownFileType = image.png; path = "CapDude 6.png"; sourceTree = "<group>"; };
		4544CC691E95C90900F81BE2 /* CapDude 7.png */ = {isa = PBXFileReference; lastKnownFileType = image.png; path = "CapDude 7.png"; sourceTree = "<group>"; };
		4544CC6B1E95C90E00F81BE2 /* CapDude 8.png */ = {isa = PBXFileReference; lastKnownFileType = image.png; path = "CapDude 8.png"; sourceTree = "<group>"; };
		4544CC6D1E95D7E400F81BE2 /* AprilFlowers-OTF.otf */ = {isa = PBXFileReference; lastKnownFileType = file; path = "AprilFlowers-OTF.otf"; sourceTree = "<group>"; };
		AC627EF21E8DDEEF007AC6F3 /* Dude Runner.app */ = {isa = PBXFileReference; explicitFileType = wrapper.application; includeInIndex = 0; path = "Dude Runner.app"; sourceTree = BUILT_PRODUCTS_DIR; };
		AC627EF51E8DDEEF007AC6F3 /* AppDelegate.swift */ = {isa = PBXFileReference; lastKnownFileType = sourcecode.swift; path = AppDelegate.swift; sourceTree = "<group>"; };
		AC627EFD1E8DDEEF007AC6F3 /* GameViewController.swift */ = {isa = PBXFileReference; lastKnownFileType = sourcecode.swift; path = GameViewController.swift; sourceTree = "<group>"; };
		AC627F001E8DDEEF007AC6F3 /* Base */ = {isa = PBXFileReference; lastKnownFileType = file.storyboard; name = Base; path = Base.lproj/Main.storyboard; sourceTree = "<group>"; };
		AC627F021E8DDEEF007AC6F3 /* Assets.xcassets */ = {isa = PBXFileReference; lastKnownFileType = folder.assetcatalog; path = Assets.xcassets; sourceTree = "<group>"; };
		AC627F051E8DDEEF007AC6F3 /* Base */ = {isa = PBXFileReference; lastKnownFileType = file.storyboard; name = Base; path = Base.lproj/LaunchScreen.storyboard; sourceTree = "<group>"; };
		AC627F071E8DDEEF007AC6F3 /* Info.plist */ = {isa = PBXFileReference; lastKnownFileType = text.plist.xml; path = Info.plist; sourceTree = "<group>"; };
		AC627F0C1E8DDEEF007AC6F3 /* Cowboy RunnerTests.xctest */ = {isa = PBXFileReference; explicitFileType = wrapper.cfbundle; includeInIndex = 0; path = "Cowboy RunnerTests.xctest"; sourceTree = BUILT_PRODUCTS_DIR; };
		AC627F101E8DDEEF007AC6F3 /* Cowboy_RunnerTests.swift */ = {isa = PBXFileReference; lastKnownFileType = sourcecode.swift; path = Cowboy_RunnerTests.swift; sourceTree = "<group>"; };
		AC627F121E8DDEEF007AC6F3 /* Info.plist */ = {isa = PBXFileReference; lastKnownFileType = text.plist.xml; path = Info.plist; sourceTree = "<group>"; };
		AC627F171E8DDEEF007AC6F3 /* Cowboy RunnerUITests.xctest */ = {isa = PBXFileReference; explicitFileType = wrapper.cfbundle; includeInIndex = 0; path = "Cowboy RunnerUITests.xctest"; sourceTree = BUILT_PRODUCTS_DIR; };
		AC627F1B1E8DDEEF007AC6F3 /* Cowboy_RunnerUITests.swift */ = {isa = PBXFileReference; lastKnownFileType = sourcecode.swift; path = Cowboy_RunnerUITests.swift; sourceTree = "<group>"; };
		AC627F1D1E8DDEEF007AC6F3 /* Info.plist */ = {isa = PBXFileReference; lastKnownFileType = text.plist.xml; path = Info.plist; sourceTree = "<group>"; };
		AC627F2B1E8DDFAE007AC6F3 /* Player 1.png */ = {isa = PBXFileReference; lastKnownFileType = image.png; path = "Player 1.png"; sourceTree = "<group>"; };
		AC627F2C1E8DDFAE007AC6F3 /* Player 2.png */ = {isa = PBXFileReference; lastKnownFileType = image.png; path = "Player 2.png"; sourceTree = "<group>"; };
		AC627F2D1E8DDFAE007AC6F3 /* Player 3.png */ = {isa = PBXFileReference; lastKnownFileType = image.png; path = "Player 3.png"; sourceTree = "<group>"; };
		AC627F2E1E8DDFAE007AC6F3 /* Player 4.png */ = {isa = PBXFileReference; lastKnownFileType = image.png; path = "Player 4.png"; sourceTree = "<group>"; };
		AC627F2F1E8DDFAE007AC6F3 /* Player 5.png */ = {isa = PBXFileReference; lastKnownFileType = image.png; path = "Player 5.png"; sourceTree = "<group>"; };
		AC627F301E8DDFAE007AC6F3 /* Player 6.png */ = {isa = PBXFileReference; lastKnownFileType = image.png; path = "Player 6.png"; sourceTree = "<group>"; };
		AC627F311E8DDFAE007AC6F3 /* Player 7.png */ = {isa = PBXFileReference; lastKnownFileType = image.png; path = "Player 7.png"; sourceTree = "<group>"; };
		AC627F321E8DDFAE007AC6F3 /* Player 8.png */ = {isa = PBXFileReference; lastKnownFileType = image.png; path = "Player 8.png"; sourceTree = "<group>"; };
		AC627F331E8DDFAE007AC6F3 /* Player 9.png */ = {isa = PBXFileReference; lastKnownFileType = image.png; path = "Player 9.png"; sourceTree = "<group>"; };
		AC627F341E8DDFAE007AC6F3 /* Player 10.png */ = {isa = PBXFileReference; lastKnownFileType = image.png; path = "Player 10.png"; sourceTree = "<group>"; };
		AC627F351E8DDFAE007AC6F3 /* Player 11.png */ = {isa = PBXFileReference; lastKnownFileType = image.png; path = "Player 11.png"; sourceTree = "<group>"; };
		AC627F421E8DDFCE007AC6F3 /* Jump.wav */ = {isa = PBXFileReference; lastKnownFileType = audio.wav; path = Jump.wav; sourceTree = "<group>"; };
		AC627F451E8DDFF0007AC6F3 /* RosewoodStd-Regular.otf */ = {isa = PBXFileReference; lastKnownFileType = file; path = "RosewoodStd-Regular.otf"; sourceTree = "<group>"; };
		AC627F491E8DE0F3007AC6F3 /* GameplayScene.sks */ = {isa = PBXFileReference; lastKnownFileType = file.sks; path = GameplayScene.sks; sourceTree = "<group>"; };
		AC627F4B1E8DE160007AC6F3 /* GameplayScene.swift */ = {isa = PBXFileReference; fileEncoding = 4; lastKnownFileType = sourcecode.swift; path = GameplayScene.swift; sourceTree = "<group>"; };
		ACA903901E8DF14A0040550B /* Player.swift */ = {isa = PBXFileReference; fileEncoding = 4; lastKnownFileType = sourcecode.swift; path = Player.swift; sourceTree = "<group>"; };
		ACA903921E8E16D00040550B /* MainMenuScene.sks */ = {isa = PBXFileReference; lastKnownFileType = file.sks; path = MainMenuScene.sks; sourceTree = "<group>"; };
		ACA903941E8E17030040550B /* MainMenuScene.swift */ = {isa = PBXFileReference; fileEncoding = 4; lastKnownFileType = sourcecode.swift; path = MainMenuScene.swift; sourceTree = "<group>"; };
/* End PBXFileReference section */

/* Begin PBXFrameworksBuildPhase section */
		AC627EEF1E8DDEEF007AC6F3 /* Frameworks */ = {
			isa = PBXFrameworksBuildPhase;
			buildActionMask = 2147483647;
			files = (
			);
			runOnlyForDeploymentPostprocessing = 0;
		};
		AC627F091E8DDEEF007AC6F3 /* Frameworks */ = {
			isa = PBXFrameworksBuildPhase;
			buildActionMask = 2147483647;
			files = (
			);
			runOnlyForDeploymentPostprocessing = 0;
		};
		AC627F141E8DDEEF007AC6F3 /* Frameworks */ = {
			isa = PBXFrameworksBuildPhase;
			buildActionMask = 2147483647;
			files = (
			);
			runOnlyForDeploymentPostprocessing = 0;
		};
/* End PBXFrameworksBuildPhase section */

/* Begin PBXGroup section */
		AC627EE91E8DDEEE007AC6F3 = {
			isa = PBXGroup;
			children = (
				AC627EF41E8DDEEF007AC6F3 /* Cowboy Runner */,
				AC627F481E8DE0C6007AC6F3 /* Classes */,
				AC627F471E8DE0B7007AC6F3 /* Scenes */,
				AC627F291E8DDF70007AC6F3 /* Assets */,
				AC627F0F1E8DDEEF007AC6F3 /* Cowboy RunnerTests */,
				AC627F1A1E8DDEEF007AC6F3 /* Cowboy RunnerUITests */,
				AC627EF31E8DDEEF007AC6F3 /* Products */,
			);
			sourceTree = "<group>";
		};
		AC627EF31E8DDEEF007AC6F3 /* Products */ = {
			isa = PBXGroup;
			children = (
				AC627EF21E8DDEEF007AC6F3 /* Dude Runner.app */,
				AC627F0C1E8DDEEF007AC6F3 /* Cowboy RunnerTests.xctest */,
				AC627F171E8DDEEF007AC6F3 /* Cowboy RunnerUITests.xctest */,
			);
			name = Products;
			sourceTree = "<group>";
		};
		AC627EF41E8DDEEF007AC6F3 /* Cowboy Runner */ = {
			isa = PBXGroup;
			children = (
				AC627EF51E8DDEEF007AC6F3 /* AppDelegate.swift */,
				AC627EFD1E8DDEEF007AC6F3 /* GameViewController.swift */,
				AC627EFF1E8DDEEF007AC6F3 /* Main.storyboard */,
				AC627F021E8DDEEF007AC6F3 /* Assets.xcassets */,
				AC627F041E8DDEEF007AC6F3 /* LaunchScreen.storyboard */,
				AC627F071E8DDEEF007AC6F3 /* Info.plist */,
			);
			path = "Cowboy Runner";
			sourceTree = "<group>";
		};
		AC627F0F1E8DDEEF007AC6F3 /* Cowboy RunnerTests */ = {
			isa = PBXGroup;
			children = (
				AC627F101E8DDEEF007AC6F3 /* Cowboy_RunnerTests.swift */,
				AC627F121E8DDEEF007AC6F3 /* Info.plist */,
			);
			path = "Cowboy RunnerTests";
			sourceTree = "<group>";
		};
		AC627F1A1E8DDEEF007AC6F3 /* Cowboy RunnerUITests */ = {
			isa = PBXGroup;
			children = (
				AC627F1B1E8DDEEF007AC6F3 /* Cowboy_RunnerUITests.swift */,
				AC627F1D1E8DDEEF007AC6F3 /* Info.plist */,
			);
			path = "Cowboy RunnerUITests";
			sourceTree = "<group>";
		};
		AC627F291E8DDF70007AC6F3 /* Assets */ = {
			isa = PBXGroup;
			children = (
				AC627F441E8DDFD7007AC6F3 /* Fonts */,
				AC627F411E8DDFBB007AC6F3 /* Sounds */,
				AC627F2A1E8DDF88007AC6F3 /* Player */,
			);
			name = Assets;
			sourceTree = "<group>";
		};
		AC627F2A1E8DDF88007AC6F3 /* Player */ = {
			isa = PBXGroup;
			children = (
				4544CC5D1E95C8D300F81BE2 /* CapDude 1.png */,
				4544CC5F1E95C8E500F81BE2 /* CapDude 2.png */,
				4544CC611E95C8F300F81BE2 /* CapDude 3.png */,
				4544CC631E95C8FA00F81BE2 /* CapDude 4.png */,
				4544CC651E95C8FF00F81BE2 /* CapDude 5.png */,
				4544CC671E95C90500F81BE2 /* CapDude 6.png */,
				4544CC691E95C90900F81BE2 /* CapDude 7.png */,
				4544CC6B1E95C90E00F81BE2 /* CapDude 8.png */,
				AC627F2B1E8DDFAE007AC6F3 /* Player 1.png */,
				AC627F2C1E8DDFAE007AC6F3 /* Player 2.png */,
				AC627F2D1E8DDFAE007AC6F3 /* Player 3.png */,
				AC627F2E1E8DDFAE007AC6F3 /* Player 4.png */,
				AC627F2F1E8DDFAE007AC6F3 /* Player 5.png */,
				AC627F301E8DDFAE007AC6F3 /* Player 6.png */,
				AC627F311E8DDFAE007AC6F3 /* Player 7.png */,
				AC627F321E8DDFAE007AC6F3 /* Player 8.png */,
				AC627F331E8DDFAE007AC6F3 /* Player 9.png */,
				AC627F341E8DDFAE007AC6F3 /* Player 10.png */,
				AC627F351E8DDFAE007AC6F3 /* Player 11.png */,
			);
			name = Player;
			sourceTree = "<group>";
		};
		AC627F411E8DDFBB007AC6F3 /* Sounds */ = {
			isa = PBXGroup;
			children = (
				AC627F421E8DDFCE007AC6F3 /* Jump.wav */,
			);
			name = Sounds;
			sourceTree = "<group>";
		};
		AC627F441E8DDFD7007AC6F3 /* Fonts */ = {
			isa = PBXGroup;
			children = (
				4544CC6D1E95D7E400F81BE2 /* AprilFlowers-OTF.otf */,
				AC627F451E8DDFF0007AC6F3 /* RosewoodStd-Regular.otf */,
			);
			name = Fonts;
			sourceTree = "<group>";
		};
		AC627F471E8DE0B7007AC6F3 /* Scenes */ = {
			isa = PBXGroup;
			children = (
				AC627F491E8DE0F3007AC6F3 /* GameplayScene.sks */,
				ACA903921E8E16D00040550B /* MainMenuScene.sks */,
			);
			name = Scenes;
			sourceTree = "<group>";
		};
		AC627F481E8DE0C6007AC6F3 /* Classes */ = {
			isa = PBXGroup;
			children = (
				ACA9038F1E8DF1360040550B /* Player Class */,
				ACA9038E1E8DF1270040550B /* Scene Classes */,
			);
			name = Classes;
			sourceTree = "<group>";
		};
		ACA9038E1E8DF1270040550B /* Scene Classes */ = {
			isa = PBXGroup;
			children = (
				AC627F4B1E8DE160007AC6F3 /* GameplayScene.swift */,
				ACA903941E8E17030040550B /* MainMenuScene.swift */,
			);
			name = "Scene Classes";
			sourceTree = "<group>";
		};
		ACA9038F1E8DF1360040550B /* Player Class */ = {
			isa = PBXGroup;
			children = (
				ACA903901E8DF14A0040550B /* Player.swift */,
			);
			name = "Player Class";
			sourceTree = "<group>";
		};
/* End PBXGroup section */

/* Begin PBXNativeTarget section */
		AC627EF11E8DDEEF007AC6F3 /* Cowboy Runner */ = {
			isa = PBXNativeTarget;
			buildConfigurationList = AC627F201E8DDEEF007AC6F3 /* Build configuration list for PBXNativeTarget "Cowboy Runner" */;
			buildPhases = (
				AC627EEE1E8DDEEF007AC6F3 /* Sources */,
				AC627EEF1E8DDEEF007AC6F3 /* Frameworks */,
				AC627EF01E8DDEEF007AC6F3 /* Resources */,
			);
			buildRules = (
			);
			dependencies = (
			);
			name = "Cowboy Runner";
			productName = "Cowboy Runner";
			productReference = AC627EF21E8DDEEF007AC6F3 /* Dude Runner.app */;
			productType = "com.apple.product-type.application";
		};
		AC627F0B1E8DDEEF007AC6F3 /* Cowboy RunnerTests */ = {
			isa = PBXNativeTarget;
			buildConfigurationList = AC627F231E8DDEEF007AC6F3 /* Build configuration list for PBXNativeTarget "Cowboy RunnerTests" */;
			buildPhases = (
				AC627F081E8DDEEF007AC6F3 /* Sources */,
				AC627F091E8DDEEF007AC6F3 /* Frameworks */,
				AC627F0A1E8DDEEF007AC6F3 /* Resources */,
			);
			buildRules = (
			);
			dependencies = (
				AC627F0E1E8DDEEF007AC6F3 /* PBXTargetDependency */,
			);
			name = "Cowboy RunnerTests";
			productName = "Cowboy RunnerTests";
			productReference = AC627F0C1E8DDEEF007AC6F3 /* Cowboy RunnerTests.xctest */;
			productType = "com.apple.product-type.bundle.unit-test";
		};
		AC627F161E8DDEEF007AC6F3 /* Cowboy RunnerUITests */ = {
			isa = PBXNativeTarget;
			buildConfigurationList = AC627F261E8DDEEF007AC6F3 /* Build configuration list for PBXNativeTarget "Cowboy RunnerUITests" */;
			buildPhases = (
				AC627F131E8DDEEF007AC6F3 /* Sources */,
				AC627F141E8DDEEF007AC6F3 /* Frameworks */,
				AC627F151E8DDEEF007AC6F3 /* Resources */,
			);
			buildRules = (
			);
			dependencies = (
				AC627F191E8DDEEF007AC6F3 /* PBXTargetDependency */,
			);
			name = "Cowboy RunnerUITests";
			productName = "Cowboy RunnerUITests";
			productReference = AC627F171E8DDEEF007AC6F3 /* Cowboy RunnerUITests.xctest */;
			productType = "com.apple.product-type.bundle.ui-testing";
		};
/* End PBXNativeTarget section */

/* Begin PBXProject section */
		AC627EEA1E8DDEEE007AC6F3 /* Project object */ = {
			isa = PBXProject;
			attributes = {
				LastSwiftUpdateCheck = 0820;
				LastUpgradeCheck = 0820;
				ORGANIZATIONNAME = stoppler;
				TargetAttributes = {
					AC627EF11E8DDEEF007AC6F3 = {
						CreatedOnToolsVersion = 8.2.1;
						DevelopmentTeam = N6RP3H788Z;
						ProvisioningStyle = Automatic;
					};
					AC627F0B1E8DDEEF007AC6F3 = {
						CreatedOnToolsVersion = 8.2.1;
						ProvisioningStyle = Automatic;
						TestTargetID = AC627EF11E8DDEEF007AC6F3;
					};
					AC627F161E8DDEEF007AC6F3 = {
						CreatedOnToolsVersion = 8.2.1;
						ProvisioningStyle = Automatic;
						TestTargetID = AC627EF11E8DDEEF007AC6F3;
					};
				};
			};
			buildConfigurationList = AC627EED1E8DDEEE007AC6F3 /* Build configuration list for PBXProject "Cowboy Runner" */;
			compatibilityVersion = "Xcode 3.2";
			developmentRegion = English;
			hasScannedForEncodings = 0;
			knownRegions = (
				en,
				Base,
			);
			mainGroup = AC627EE91E8DDEEE007AC6F3;
			productRefGroup = AC627EF31E8DDEEF007AC6F3 /* Products */;
			projectDirPath = "";
			projectRoot = "";
			targets = (
				AC627EF11E8DDEEF007AC6F3 /* Cowboy Runner */,
				AC627F0B1E8DDEEF007AC6F3 /* Cowboy RunnerTests */,
				AC627F161E8DDEEF007AC6F3 /* Cowboy RunnerUITests */,
			);
		};
/* End PBXProject section */

/* Begin PBXResourcesBuildPhase section */
		AC627EF01E8DDEEF007AC6F3 /* Resources */ = {
			isa = PBXResourcesBuildPhase;
			buildActionMask = 2147483647;
			files = (
				AC627F011E8DDEEF007AC6F3 /* Main.storyboard in Resources */,
				AC627F3B1E8DDFAE007AC6F3 /* Player 6.png in Resources */,
				4544CC6A1E95C90900F81BE2 /* CapDude 7.png in Resources */,
				4544CC6E1E95D82300F81BE2 /* AprilFlowers-OTF.otf in Resources */,
				AC627F461E8DDFF0007AC6F3 /* RosewoodStd-Regular.otf in Resources */,
				4544CC6C1E95C90E00F81BE2 /* CapDude 8.png in Resources */,
				AC627F4A1E8DE0F3007AC6F3 /* GameplayScene.sks in Resources */,
				4544CC681E95C90500F81BE2 /* CapDude 6.png in Resources */,
				4544CC661E95C8FF00F81BE2 /* CapDude 5.png in Resources */,
				AC627F371E8DDFAE007AC6F3 /* Player 2.png in Resources */,
				AC627F3D1E8DDFAE007AC6F3 /* Player 8.png in Resources */,
				AC627F031E8DDEEF007AC6F3 /* Assets.xcassets in Resources */,
				AC627F3F1E8DDFAE007AC6F3 /* Player 10.png in Resources */,
				4544CC5E1E95C8D300F81BE2 /* CapDude 1.png in Resources */,
				AC627F061E8DDEEF007AC6F3 /* LaunchScreen.storyboard in Resources */,
				AC627F361E8DDFAE007AC6F3 /* Player 1.png in Resources */,
				ACA903931E8E16D00040550B /* MainMenuScene.sks in Resources */,
				4544CC601E95C8E500F81BE2 /* CapDude 2.png in Resources */,
				AC627F3E1E8DDFAE007AC6F3 /* Player 9.png in Resources */,
				AC627F431E8DDFCE007AC6F3 /* Jump.wav in Resources */,
				AC627F3A1E8DDFAE007AC6F3 /* Player 5.png in Resources */,
				4544CC621E95C8F300F81BE2 /* CapDude 3.png in Resources */,
				AC627F381E8DDFAE007AC6F3 /* Player 3.png in Resources */,
				AC627F391E8DDFAE007AC6F3 /* Player 4.png in Resources */,
				AC627F3C1E8DDFAE007AC6F3 /* Player 7.png in Resources */,
				4544CC641E95C8FA00F81BE2 /* CapDude 4.png in Resources */,
				AC627F401E8DDFAE007AC6F3 /* Player 11.png in Resources */,
			);
			runOnlyForDeploymentPostprocessing = 0;
		};
		AC627F0A1E8DDEEF007AC6F3 /* Resources */ = {
			isa = PBXResourcesBuildPhase;
			buildActionMask = 2147483647;
			files = (
			);
			runOnlyForDeploymentPostprocessing = 0;
		};
		AC627F151E8DDEEF007AC6F3 /* Resources */ = {
			isa = PBXResourcesBuildPhase;
			buildActionMask = 2147483647;
			files = (
			);
			runOnlyForDeploymentPostprocessing = 0;
		};
/* End PBXResourcesBuildPhase section */

/* Begin PBXSourcesBuildPhase section */
		AC627EEE1E8DDEEF007AC6F3 /* Sources */ = {
			isa = PBXSourcesBuildPhase;
			buildActionMask = 2147483647;
			files = (
				ACA903951E8E17030040550B /* MainMenuScene.swift in Sources */,
				ACA903911E8DF14A0040550B /* Player.swift in Sources */,
				AC627F4C1E8DE160007AC6F3 /* GameplayScene.swift in Sources */,
				AC627EFE1E8DDEEF007AC6F3 /* GameViewController.swift in Sources */,
				AC627EF61E8DDEEF007AC6F3 /* AppDelegate.swift in Sources */,
			);
			runOnlyForDeploymentPostprocessing = 0;
		};
		AC627F081E8DDEEF007AC6F3 /* Sources */ = {
			isa = PBXSourcesBuildPhase;
			buildActionMask = 2147483647;
			files = (
				AC627F111E8DDEEF007AC6F3 /* Cowboy_RunnerTests.swift in Sources */,
			);
			runOnlyForDeploymentPostprocessing = 0;
		};
		AC627F131E8DDEEF007AC6F3 /* Sources */ = {
			isa = PBXSourcesBuildPhase;
			buildActionMask = 2147483647;
			files = (
				AC627F1C1E8DDEEF007AC6F3 /* Cowboy_RunnerUITests.swift in Sources */,
			);
			runOnlyForDeploymentPostprocessing = 0;
		};
/* End PBXSourcesBuildPhase section */

/* Begin PBXTargetDependency section */
		AC627F0E1E8DDEEF007AC6F3 /* PBXTargetDependency */ = {
			isa = PBXTargetDependency;
			target = AC627EF11E8DDEEF007AC6F3 /* Cowboy Runner */;
			targetProxy = AC627F0D1E8DDEEF007AC6F3 /* PBXContainerItemProxy */;
		};
		AC627F191E8DDEEF007AC6F3 /* PBXTargetDependency */ = {
			isa = PBXTargetDependency;
			target = AC627EF11E8DDEEF007AC6F3 /* Cowboy Runner */;
			targetProxy = AC627F181E8DDEEF007AC6F3 /* PBXContainerItemProxy */;
		};
/* End PBXTargetDependency section */

/* Begin PBXVariantGroup section */
		AC627EFF1E8DDEEF007AC6F3 /* Main.storyboard */ = {
			isa = PBXVariantGroup;
			children = (
				AC627F001E8DDEEF007AC6F3 /* Base */,
			);
			name = Main.storyboard;
			sourceTree = "<group>";
		};
		AC627F041E8DDEEF007AC6F3 /* LaunchScreen.storyboard */ = {
			isa = PBXVariantGroup;
			children = (
				AC627F051E8DDEEF007AC6F3 /* Base */,
			);
			name = LaunchScreen.storyboard;
			sourceTree = "<group>";
		};
/* End PBXVariantGroup section */

/* Begin XCBuildConfiguration section */
		AC627F1E1E8DDEEF007AC6F3 /* Debug */ = {
			isa = XCBuildConfiguration;
			buildSettings = {
				ALWAYS_SEARCH_USER_PATHS = NO;
				CLANG_ANALYZER_NONNULL = YES;
				CLANG_CXX_LANGUAGE_STANDARD = "gnu++0x";
				CLANG_CXX_LIBRARY = "libc++";
				CLANG_ENABLE_MODULES = YES;
				CLANG_ENABLE_OBJC_ARC = YES;
				CLANG_WARN_BOOL_CONVERSION = YES;
				CLANG_WARN_CONSTANT_CONVERSION = YES;
				CLANG_WARN_DIRECT_OBJC_ISA_USAGE = YES_ERROR;
				CLANG_WARN_DOCUMENTATION_COMMENTS = YES;
				CLANG_WARN_EMPTY_BODY = YES;
				CLANG_WARN_ENUM_CONVERSION = YES;
				CLANG_WARN_INFINITE_RECURSION = YES;
				CLANG_WARN_INT_CONVERSION = YES;
				CLANG_WARN_OBJC_ROOT_CLASS = YES_ERROR;
				CLANG_WARN_SUSPICIOUS_MOVE = YES;
				CLANG_WARN_UNREACHABLE_CODE = YES;
				CLANG_WARN__DUPLICATE_METHOD_MATCH = YES;
				"CODE_SIGN_IDENTITY[sdk=iphoneos*]" = "iPhone Developer";
				COPY_PHASE_STRIP = NO;
				DEBUG_INFORMATION_FORMAT = dwarf;
				ENABLE_STRICT_OBJC_MSGSEND = YES;
				ENABLE_TESTABILITY = YES;
				GCC_C_LANGUAGE_STANDARD = gnu99;
				GCC_DYNAMIC_NO_PIC = NO;
				GCC_NO_COMMON_BLOCKS = YES;
				GCC_OPTIMIZATION_LEVEL = 0;
				GCC_PREPROCESSOR_DEFINITIONS = (
					"DEBUG=1",
					"$(inherited)",
				);
				GCC_WARN_64_TO_32_BIT_CONVERSION = YES;
				GCC_WARN_ABOUT_RETURN_TYPE = YES_ERROR;
				GCC_WARN_UNDECLARED_SELECTOR = YES;
				GCC_WARN_UNINITIALIZED_AUTOS = YES_AGGRESSIVE;
				GCC_WARN_UNUSED_FUNCTION = YES;
				GCC_WARN_UNUSED_VARIABLE = YES;
				IPHONEOS_DEPLOYMENT_TARGET = 10.2;
				MTL_ENABLE_DEBUG_INFO = YES;
				ONLY_ACTIVE_ARCH = YES;
				SDKROOT = iphoneos;
				SWIFT_ACTIVE_COMPILATION_CONDITIONS = DEBUG;
				SWIFT_OPTIMIZATION_LEVEL = "-Onone";
			};
			name = Debug;
		};
		AC627F1F1E8DDEEF007AC6F3 /* Release */ = {
			isa = XCBuildConfiguration;
			buildSettings = {
				ALWAYS_SEARCH_USER_PATHS = NO;
				CLANG_ANALYZER_NONNULL = YES;
				CLANG_CXX_LANGUAGE_STANDARD = "gnu++0x";
				CLANG_CXX_LIBRARY = "libc++";
				CLANG_ENABLE_MODULES = YES;
				CLANG_ENABLE_OBJC_ARC = YES;
				CLANG_WARN_BOOL_CONVERSION = YES;
				CLANG_WARN_CONSTANT_CONVERSION = YES;
				CLANG_WARN_DIRECT_OBJC_ISA_USAGE = YES_ERROR;
				CLANG_WARN_DOCUMENTATION_COMMENTS = YES;
				CLANG_WARN_EMPTY_BODY = YES;
				CLANG_WARN_ENUM_CONVERSION = YES;
				CLANG_WARN_INFINITE_RECURSION = YES;
				CLANG_WARN_INT_CONVERSION = YES;
				CLANG_WARN_OBJC_ROOT_CLASS = YES_ERROR;
				CLANG_WARN_SUSPICIOUS_MOVE = YES;
				CLANG_WARN_UNREACHABLE_CODE = YES;
				CLANG_WARN__DUPLICATE_METHOD_MATCH = YES;
				"CODE_SIGN_IDENTITY[sdk=iphoneos*]" = "iPhone Developer";
				COPY_PHASE_STRIP = NO;
				DEBUG_INFORMATION_FORMAT = "dwarf-with-dsym";
				ENABLE_NS_ASSERTIONS = NO;
				ENABLE_STRICT_OBJC_MSGSEND = YES;
				GCC_C_LANGUAGE_STANDARD = gnu99;
				GCC_NO_COMMON_BLOCKS = YES;
				GCC_WARN_64_TO_32_BIT_CONVERSION = YES;
				GCC_WARN_ABOUT_RETURN_TYPE = YES_ERROR;
				GCC_WARN_UNDECLARED_SELECTOR = YES;
				GCC_WARN_UNINITIALIZED_AUTOS = YES_AGGRESSIVE;
				GCC_WARN_UNUSED_FUNCTION = YES;
				GCC_WARN_UNUSED_VARIABLE = YES;
				IPHONEOS_DEPLOYMENT_TARGET = 10.2;
				MTL_ENABLE_DEBUG_INFO = NO;
				SDKROOT = iphoneos;
				SWIFT_OPTIMIZATION_LEVEL = "-Owholemodule";
				VALIDATE_PRODUCT = YES;
			};
			name = Release;
		};
		AC627F211E8DDEEF007AC6F3 /* Debug */ = {
			isa = XCBuildConfiguration;
			buildSettings = {
				ASSETCATALOG_COMPILER_APPICON_NAME = AppIcon;
				DEVELOPMENT_TEAM = N6RP3H788Z;
				INFOPLIST_FILE = "Cowboy Runner/Info.plist";
				LD_RUNPATH_SEARCH_PATHS = "$(inherited) @executable_path/Frameworks";
				PRODUCT_BUNDLE_IDENTIFIER = "com.stoppler.Cowboy-Runner";
				PRODUCT_NAME = "Dude Runner";
				SWIFT_VERSION = 3.0;
				TARGETED_DEVICE_FAMILY = "1,2";
			};
			name = Debug;
		};
		AC627F221E8DDEEF007AC6F3 /* Release */ = {
			isa = XCBuildConfiguration;
			buildSettings = {
				ASSETCATALOG_COMPILER_APPICON_NAME = AppIcon;
				DEVELOPMENT_TEAM = N6RP3H788Z;
				INFOPLIST_FILE = "Cowboy Runner/Info.plist";
				LD_RUNPATH_SEARCH_PATHS = "$(inherited) @executable_path/Frameworks";
				PRODUCT_BUNDLE_IDENTIFIER = "com.stoppler.Cowboy-Runner";
				PRODUCT_NAME = "Dude Runner";
				SWIFT_VERSION = 3.0;
				TARGETED_DEVICE_FAMILY = "1,2";
			};
			name = Release;
		};
		AC627F241E8DDEEF007AC6F3 /* Debug */ = {
			isa = XCBuildConfiguration;
			buildSettings = {
				ALWAYS_EMBED_SWIFT_STANDARD_LIBRARIES = YES;
				BUNDLE_LOADER = "$(TEST_HOST)";
				INFOPLIST_FILE = "Cowboy RunnerTests/Info.plist";
				LD_RUNPATH_SEARCH_PATHS = "$(inherited) @executable_path/Frameworks @loader_path/Frameworks";
				PRODUCT_BUNDLE_IDENTIFIER = "com.stoppler.Cowboy-RunnerTests";
				PRODUCT_NAME = "$(TARGET_NAME)";
				SWIFT_VERSION = 3.0;
				TEST_HOST = "$(BUILT_PRODUCTS_DIR)/Cowboy Runner.app/Cowboy Runner";
			};
			name = Debug;
		};
		AC627F251E8DDEEF007AC6F3 /* Release */ = {
			isa = XCBuildConfiguration;
			buildSettings = {
				ALWAYS_EMBED_SWIFT_STANDARD_LIBRARIES = YES;
				BUNDLE_LOADER = "$(TEST_HOST)";
				INFOPLIST_FILE = "Cowboy RunnerTests/Info.plist";
				LD_RUNPATH_SEARCH_PATHS = "$(inherited) @executable_path/Frameworks @loader_path/Frameworks";
				PRODUCT_BUNDLE_IDENTIFIER = "com.stoppler.Cowboy-RunnerTests";
				PRODUCT_NAME = "$(TARGET_NAME)";
				SWIFT_VERSION = 3.0;
				TEST_HOST = "$(BUILT_PRODUCTS_DIR)/Cowboy Runner.app/Cowboy Runner";
			};
			name = Release;
		};
		AC627F271E8DDEEF007AC6F3 /* Debug */ = {
			isa = XCBuildConfiguration;
			buildSettings = {
				ALWAYS_EMBED_SWIFT_STANDARD_LIBRARIES = YES;
				INFOPLIST_FILE = "Cowboy RunnerUITests/Info.plist";
				LD_RUNPATH_SEARCH_PATHS = "$(inherited) @executable_path/Frameworks @loader_path/Frameworks";
				PRODUCT_BUNDLE_IDENTIFIER = "com.stoppler.Cowboy-RunnerUITests";
				PRODUCT_NAME = "$(TARGET_NAME)";
				SWIFT_VERSION = 3.0;
				TEST_TARGET_NAME = "Cowboy Runner";
			};
			name = Debug;
		};
		AC627F281E8DDEEF007AC6F3 /* Release */ = {
			isa = XCBuildConfiguration;
			buildSettings = {
				ALWAYS_EMBED_SWIFT_STANDARD_LIBRARIES = YES;
				INFOPLIST_FILE = "Cowboy RunnerUITests/Info.plist";
				LD_RUNPATH_SEARCH_PATHS = "$(inherited) @executable_path/Frameworks @loader_path/Frameworks";
				PRODUCT_BUNDLE_IDENTIFIER = "com.stoppler.Cowboy-RunnerUITests";
				PRODUCT_NAME = "$(TARGET_NAME)";
				SWIFT_VERSION = 3.0;
				TEST_TARGET_NAME = "Cowboy Runner";
			};
			name = Release;
		};
/* End XCBuildConfiguration section */

/* Begin XCConfigurationList section */
		AC627EED1E8DDEEE007AC6F3 /* Build configuration list for PBXProject "Cowboy Runner" */ = {
			isa = XCConfigurationList;
			buildConfigurations = (
				AC627F1E1E8DDEEF007AC6F3 /* Debug */,
				AC627F1F1E8DDEEF007AC6F3 /* Release */,
			);
			defaultConfigurationIsVisible = 0;
			defaultConfigurationName = Release;
		};
		AC627F201E8DDEEF007AC6F3 /* Build configuration list for PBXNativeTarget "Cowboy Runner" */ = {
			isa = XCConfigurationList;
			buildConfigurations = (
				AC627F211E8DDEEF007AC6F3 /* Debug */,
				AC627F221E8DDEEF007AC6F3 /* Release */,
			);
			defaultConfigurationIsVisible = 0;
			defaultConfigurationName = Release;
		};
		AC627F231E8DDEEF007AC6F3 /* Build configuration list for PBXNativeTarget "Cowboy RunnerTests" */ = {
			isa = XCConfigurationList;
			buildConfigurations = (
				AC627F241E8DDEEF007AC6F3 /* Debug */,
				AC627F251E8DDEEF007AC6F3 /* Release */,
			);
			defaultConfigurationIsVisible = 0;
			defaultConfigurationName = Release;
		};
		AC627F261E8DDEEF007AC6F3 /* Build configuration list for PBXNativeTarget "Cowboy RunnerUITests" */ = {
			isa = XCConfigurationList;
			buildConfigurations = (
				AC627F271E8DDEEF007AC6F3 /* Debug */,
				AC627F281E8DDEEF007AC6F3 /* Release */,
			);
			defaultConfigurationIsVisible = 0;
			defaultConfigurationName = Release;
		};
/* End XCConfigurationList section */
	};
	rootObject = AC627EEA1E8DDEEE007AC6F3 /* Project object */;
}
